
Microsoft Visual Studio Solution File, Format Version 12.00
# Visual Studio Version 17
VisualStudioVersion = 17.9.34701.34
MinimumVisualStudioVersion = 10.0.40219.1
Project("{FAE04EC0-301F-11D3-BF4B-00C04F79EFBC}") = "Lab01", "Lab01\Lab01.csproj", "{0C991CAC-B43B-42B7-93C4-28A59B068571}"
EndProject
Project("{FAE04EC0-301F-11D3-BF4B-00C04F79EFBC}") = "Lab01_5", "Lab01\Lab01_5\Lab01_5.csproj", "{6E49CACA-8FB4-4E34-97EA-4FECE421A82B}"
EndProject
Project("{FAE04EC0-301F-11D3-BF4B-00C04F79EFBC}") = "LAB13", "Lab01\LAB01_3\LAB01_3\LAB13.csproj", "{7365D42C-F128-445E-9496-0B386F304DC9}"
EndProject
Global
	GlobalSection(SolutionConfigurationPlatforms) = preSolution
		Debug|Any CPU = Debug|Any CPU
		Release|Any CPU = Release|Any CPU
	EndGlobalSection
	GlobalSection(ProjectConfigurationPlatforms) = postSolution
		{0C991CAC-B43B-42B7-93C4-28A59B068571}.Debug|Any CPU.ActiveCfg = Debug|Any CPU
		{0C991CAC-B43B-42B7-93C4-28A59B068571}.Debug|Any CPU.Build.0 = Debug|Any CPU
		{0C991CAC-B43B-42B7-93C4-28A59B068571}.Release|Any CPU.ActiveCfg = Release|Any CPU
		{0C991CAC-B43B-42B7-93C4-28A59B068571}.Release|Any CPU.Build.0 = Release|Any CPU
		{6E49CACA-8FB4-4E34-97EA-4FECE421A82B}.Debug|Any CPU.ActiveCfg = Debug|Any CPU
		{6E49CACA-8FB4-4E34-97EA-4FECE421A82B}.Debug|Any CPU.Build.0 = Debug|Any CPU
		{6E49CACA-8FB4-4E34-97EA-4FECE421A82B}.Release|Any CPU.ActiveCfg = Release|Any CPU
		{6E49CACA-8FB4-4E34-97EA-4FECE421A82B}.Release|Any CPU.Build.0 = Release|Any CPU
		{7365D42C-F128-445E-9496-0B386F304DC9}.Debug|Any CPU.ActiveCfg = Debug|Any CPU
		{7365D42C-F128-445E-9496-0B386F304DC9}.Debug|Any CPU.Build.0 = Debug|Any CPU
		{7365D42C-F128-445E-9496-0B386F304DC9}.Release|Any CPU.ActiveCfg = Release|Any CPU
		{7365D42C-F128-445E-9496-0B386F304DC9}.Release|Any CPU.Build.0 = Release|Any CPU
	EndGlobalSection
	GlobalSection(SolutionProperties) = preSolution
		HideSolutionNode = FALSE
	EndGlobalSection
	GlobalSection(ExtensibilityGlobals) = postSolution
		SolutionGuid = {C1B1125D-2E6B-4870-A499-F78BA0A08513}
	EndGlobalSection
EndGlobal
