
Microsoft Visual Studio Solution File, Format Version 12.00
# Visual Studio Version 17
VisualStudioVersion = 17.9.34701.34
MinimumVisualStudioVersion = 10.0.40219.1
Project("{FAE04EC0-301F-11D3-BF4B-00C04F79EFBC}") = "Bai04", "Bai04\Bai04.csproj", "{83326087-206A-4C72-851E-88700EEF7AD5}"
EndProject
Project("{FAE04EC0-301F-11D3-BF4B-00C04F79EFBC}") = "Cau1", "..\..\..\LAB3\LAB3\Cau1\Cau1.csproj", "{05E19924-4461-4496-BE98-F0A3A181CEF8}"
EndProject
Project("{FAE04EC0-301F-11D3-BF4B-00C04F79EFBC}") = "Cau2", "..\..\..\LAB3\LAB3\LAB3\Cau2.csproj", "{16A600E2-EB7A-4B17-873F-81706AAF596B}"
EndProject
Project("{FAE04EC0-301F-11D3-BF4B-00C04F79EFBC}") = "Bai03", "..\Bai03\Bai03\Bai03.csproj", "{5A59CF71-8141-4E74-8717-0D806A7E50B5}"
EndProject
Project("{FAE04EC0-301F-11D3-BF4B-00C04F79EFBC}") = "Main", "..\Main\Main.csproj", "{2F5371BF-4119-476E-AB30-471839A3BBBA}"
EndProject
Global
	GlobalSection(SolutionConfigurationPlatforms) = preSolution
		Debug|Any CPU = Debug|Any CPU
		Release|Any CPU = Release|Any CPU
	EndGlobalSection
	GlobalSection(ProjectConfigurationPlatforms) = postSolution
		{83326087-206A-4C72-851E-88700EEF7AD5}.Debug|Any CPU.ActiveCfg = Debug|Any CPU
		{83326087-206A-4C72-851E-88700EEF7AD5}.Debug|Any CPU.Build.0 = Debug|Any CPU
		{83326087-206A-4C72-851E-88700EEF7AD5}.Release|Any CPU.ActiveCfg = Release|Any CPU
		{83326087-206A-4C72-851E-88700EEF7AD5}.Release|Any CPU.Build.0 = Release|Any CPU
		{05E19924-4461-4496-BE98-F0A3A181CEF8}.Debug|Any CPU.ActiveCfg = Debug|Any CPU
		{05E19924-4461-4496-BE98-F0A3A181CEF8}.Debug|Any CPU.Build.0 = Debug|Any CPU
		{05E19924-4461-4496-BE98-F0A3A181CEF8}.Release|Any CPU.ActiveCfg = Release|Any CPU
		{05E19924-4461-4496-BE98-F0A3A181CEF8}.Release|Any CPU.Build.0 = Release|Any CPU
		{16A600E2-EB7A-4B17-873F-81706AAF596B}.Debug|Any CPU.ActiveCfg = Debug|Any CPU
		{16A600E2-EB7A-4B17-873F-81706AAF596B}.Debug|Any CPU.Build.0 = Debug|Any CPU
		{16A600E2-EB7A-4B17-873F-81706AAF596B}.Release|Any CPU.ActiveCfg = Release|Any CPU
		{16A600E2-EB7A-4B17-873F-81706AAF596B}.Release|Any CPU.Build.0 = Release|Any CPU
		{5A59CF71-8141-4E74-8717-0D806A7E50B5}.Debug|Any CPU.ActiveCfg = Debug|Any CPU
		{5A59CF71-8141-4E74-8717-0D806A7E50B5}.Debug|Any CPU.Build.0 = Debug|Any CPU
		{5A59CF71-8141-4E74-8717-0D806A7E50B5}.Release|Any CPU.ActiveCfg = Release|Any CPU
		{5A59CF71-8141-4E74-8717-0D806A7E50B5}.Release|Any CPU.Build.0 = Release|Any CPU
		{2F5371BF-4119-476E-AB30-471839A3BBBA}.Debug|Any CPU.ActiveCfg = Debug|Any CPU
		{2F5371BF-4119-476E-AB30-471839A3BBBA}.Debug|Any CPU.Build.0 = Debug|Any CPU
		{2F5371BF-4119-476E-AB30-471839A3BBBA}.Release|Any CPU.ActiveCfg = Release|Any CPU
		{2F5371BF-4119-476E-AB30-471839A3BBBA}.Release|Any CPU.Build.0 = Release|Any CPU
	EndGlobalSection
	GlobalSection(SolutionProperties) = preSolution
		HideSolutionNode = FALSE
	EndGlobalSection
	GlobalSection(ExtensibilityGlobals) = postSolution
		SolutionGuid = {4C6154CD-D5EC-4B2C-8DD2-329D68F4738C}
	EndGlobalSection
EndGlobal
